
Microsoft Visual Studio Solution File, Format Version 12.00
Project("{FAE04EC0-301F-11D3-BF4B-00C04F79EFBC}") = "DecoratorPattern", "DecoratorPattern.csproj", "{37733761-2E80-4EC8-9B51-90D8AC2BED00}"
EndProject
Global
	GlobalSection(SolutionConfigurationPlatforms) = preSolution
		Debug|Any CPU = Debug|Any CPU
		Release|Any CPU = Release|Any CPU
	EndGlobalSection
	GlobalSection(ProjectConfigurationPlatforms) = postSolution
		{37733761-2E80-4EC8-9B51-90D8AC2BED00}.Debug|Any CPU.ActiveCfg = Debug|Any CPU
		{37733761-2E80-4EC8-9B51-90D8AC2BED00}.Debug|Any CPU.Build.0 = Debug|Any CPU
		{37733761-2E80-4EC8-9B51-90D8AC2BED00}.Release|Any CPU.ActiveCfg = Release|Any CPU
		{37733761-2E80-4EC8-9B51-90D8AC2BED00}.Release|Any CPU.Build.0 = Release|Any CPU
	EndGlobalSection
EndGlobal
